version = 1
revision = 3
requires-python = ">=3.12"

[[package]]
name = "001-scd2-w-delta"
version = "0.1.0"
source = { virtual = "." }
dependencies = [
    { name = "datanomy" },
    { name = "delta-spark" },
    { name = "faker" },
    { name = "pyspark" },
]

[package.metadata]
requires-dist = [
    { name = "datanomy", specifier = ">=0.2.1" },
    { name = "delta-spark", specifier = "==3.2.0" },
    { name = "faker", specifier = ">=40.1.2" },
    { name = "pyspark", specifier = "==3.5.2" },
]

[[package]]
name = "click"
version = "8.3.1"
source = { registry = "https://pypi.org/simple" }
dependencies = [
    { name = "colorama", marker = "sys_platform == 'win32'" },
]
sdist = { url = "https://files.pythonhosted.org/packages/3d/fa/656b739db8587d7b5dfa22e22ed02566950fbfbcdc20311993483657a5c0/click-8.3.1.tar.gz", hash = "sha256:12ff4785d337a1bb490bb7e9c2b1ee5da3112e94a8622f26a6c77f5d2fc6842a", size = 295065, upload-time = "2025-11-15T20:45:42.706Z" }
wheels = [
    { url = "https://files.pythonhosted.org/packages/98/78/01c019cdb5d6498122777c1a43056ebb3ebfeef2076d9d026bfe15583b2b/click-8.3.1-py3-none-any.whl", hash = "sha256:981153a64e25f12d547d3426c367a4857371575ee7ad18df2a6183ab0545b2a6", size = 108274, upload-time = "2025-11-15T20:45:41.139Z" },
]

[[package]]
name = "colorama"
version = "0.4.6"
source = { registry = "https://pypi.org/simple" }
sdist = { url = "https://files.pythonhosted.org/packages/d8/53/6f443c9a4a8358a93a6792e2acffb9d9d5cb0a5cfd8802644b7b1c9a02e4/colorama-0.4.6.tar.gz", hash = "sha256:08695f5cb7ed6e0531a20572697297273c47b8cae5a63ffc6d6ed5c201be6e44", size = 27697, upload-time = "2022-10-25T02:36:22.414Z" }
wheels = [
    { url = "https://files.pythonhosted.org/packages/d1/d6/3965ed04c63042e047cb6a3e6ed1a63a35087b6a609aa3a15ed8ac56c221/colorama-0.4.6-py2.py3-none-any.whl", hash = "sha256:4f1d9991f5acc0ca119f9d443620b77f9d6b33703e51011c16baf57afb285fc6", size = 25335, upload-time = "2022-10-25T02:36:20.889Z" },
]

[[package]]
name = "datanomy"
version = "0.2.1"
source = { registry = "https://pypi.org/simple" }
dependencies = [
    { name = "click" },
    { name = "pyarrow" },
    { name = "rich" },
    { name = "textual" },
]
sdist = { url = "https://files.pythonhosted.org/packages/18/14/d8fc21a1921f67174de164c42331a496734290cecf50548fed629821786d/datanomy-0.2.1.tar.gz", hash = "sha256:84a54cbc61b3e71588ef59cfc3d5811adab5248046969db7e38935370119309a", size = 11387, upload-time = "2025-11-17T17:12:46.471Z" }
wheels = [
    { url = "https://files.pythonhosted.org/packages/a2/f9/fe67c5182d4b6647ae4524900d49660eb186f7586ea495572331c88bfd78/datanomy-0.2.1-py3-none-any.whl", hash = "sha256:649c843a332683007a2ca42ca426f4364d48ecd70151ec48825494fbe715a33e", size = 13938, upload-time = "2025-11-17T17:12:45.543Z" },
]

[[package]]
name = "delta-spark"
version = "3.2.0"
source = { registry = "https://pypi.org/simple" }
dependencies = [
    { name = "importlib-metadata" },
    { name = "pyspark" },
]
sdist = { url = "https://files.pythonhosted.org/packages/38/06/a64cc4e17fe959cf60dc126bf3283fc9f22fc91f000b7f3f5e465338022d/delta-spark-3.2.0.tar.gz", hash = "sha256:641967828e47c64805f8c746513da80bea24b5f19b069cdcf64561cd3692e11d", size = 22147, upload-time = "2024-05-09T17:26:10.754Z" }
wheels = [
    { url = "https://files.pythonhosted.org/packages/3c/8e/bb778f5049aa371bf80a7a781b237eb10ef104f8736fe00d25fcfee80c2b/delta_spark-3.2.0-py3-none-any.whl", hash = "sha256:c4ff3fa7218e58a702cb71eb64384b0005c4d6f0bbdd0fe0b38a53564d946e09", size = 21186, upload-time = "2024-05-09T17:26:09.544Z" },
]

[[package]]
name = "faker"
version = "40.1.2"
source = { registry = "https://pypi.org/simple" }
dependencies = [
    { name = "tzdata", marker = "sys_platform == 'win32'" },
]
sdist = { url = "https://files.pythonhosted.org/packages/5e/77/1c3ff07b6739b9a1d23ca01ec0a90a309a33b78e345a3eb52f9ce9240e36/faker-40.1.2.tar.gz", hash = "sha256:b76a68163aa5f171d260fc24827a8349bc1db672f6a665359e8d0095e8135d30", size = 1949802, upload-time = "2026-01-13T20:51:49.917Z" }
wheels = [
    { url = "https://files.pythonhosted.org/packages/46/ec/91a434c8a53d40c3598966621dea9c50512bec6ce8e76fa1751015e74cef/faker-40.1.2-py3-none-any.whl", hash = "sha256:93503165c165d330260e4379fd6dc07c94da90c611ed3191a0174d2ab9966a42", size = 1985633, upload-time = "2026-01-13T20:51:47.982Z" },
]

[[package]]
name = "importlib-metadata"
version = "8.7.1"
source = { registry = "https://pypi.org/simple" }
dependencies = [
    { name = "zipp" },
]
sdist = { url = "https://files.pythonhosted.org/packages/f3/49/3b30cad09e7771a4982d9975a8cbf64f00d4a1ececb53297f1d9a7be1b10/importlib_metadata-8.7.1.tar.gz", hash = "sha256:49fef1ae6440c182052f407c8d34a68f72efc36db9ca90dc0113398f2fdde8bb", size = 57107, upload-time = "2025-12-21T10:00:19.278Z" }
wheels = [
    { url = "https://files.pythonhosted.org/packages/fa/5e/f8e9a1d23b9c20a551a8a02ea3637b4642e22c2626e3a13a9a29cdea99eb/importlib_metadata-8.7.1-py3-none-any.whl", hash = "sha256:5a1f80bf1daa489495071efbb095d75a634cf28a8bc299581244063b53176151", size = 27865, upload-time = "2025-12-21T10:00:18.329Z" },
]

[[package]]
name = "linkify-it-py"
version = "2.0.3"
source = { registry = "https://pypi.org/simple" }
dependencies = [
    { name = "uc-micro-py" },
]
sdist = { url = "https://files.pythonhosted.org/packages/2a/ae/bb56c6828e4797ba5a4821eec7c43b8bf40f69cda4d4f5f8c8a2810ec96a/linkify-it-py-2.0.3.tar.gz", hash = "sha256:68cda27e162e9215c17d786649d1da0021a451bdc436ef9e0fa0ba5234b9b048", size = 27946, upload-time = "2024-02-04T14:48:04.179Z" }
wheels = [
    { url = "https://files.pythonhosted.org/packages/04/1e/b832de447dee8b582cac175871d2f6c3d5077cc56d5575cadba1fd1cccfa/linkify_it_py-2.0.3-py3-none-any.whl", hash = "sha256:6bcbc417b0ac14323382aef5c5192c0075bf8a9d6b41820a2b66371eac6b6d79", size = 19820, upload-time = "2024-02-04T14:48:02.496Z" },
]

[[package]]
name = "markdown-it-py"
version = "4.0.0"
source = { registry = "https://pypi.org/simple" }
dependencies = [
    { name = "mdurl" },
]
sdist = { url = "https://files.pythonhosted.org/packages/5b/f5/4ec618ed16cc4f8fb3b701563655a69816155e79e24a17b651541804721d/markdown_it_py-4.0.0.tar.gz", hash = "sha256:cb0a2b4aa34f932c007117b194e945bd74e0ec24133ceb5bac59009cda1cb9f3", size = 73070, upload-time = "2025-08-11T12:57:52.854Z" }
wheels = [
    { url = "https://files.pythonhosted.org/packages/94/54/e7d793b573f298e1c9013b8c4dade17d481164aa517d1d7148619c2cedbf/markdown_it_py-4.0.0-py3-none-any.whl", hash = "sha256:87327c59b172c5011896038353a81343b6754500a08cd7a4973bb48c6d578147", size = 87321, upload-time = "2025-08-11T12:57:51.923Z" },
]

[package.optional-dependencies]
linkify = [
    { name = "linkify-it-py" },
]

[[package]]
name = "mdit-py-plugins"
version = "0.5.0"
source = { registry = "https://pypi.org/simple" }
dependencies = [
    { name = "markdown-it-py" },
]
sdist = { url = "https://files.pythonhosted.org/packages/b2/fd/a756d36c0bfba5f6e39a1cdbdbfdd448dc02692467d83816dff4592a1ebc/mdit_py_plugins-0.5.0.tar.gz", hash = "sha256:f4918cb50119f50446560513a8e311d574ff6aaed72606ddae6d35716fe809c6", size = 44655, upload-time = "2025-08-11T07:25:49.083Z" }
wheels = [
    { url = "https://files.pythonhosted.org/packages/fb/86/dd6e5db36df29e76c7a7699123569a4a18c1623ce68d826ed96c62643cae/mdit_py_plugins-0.5.0-py3-none-any.whl", hash = "sha256:07a08422fc1936a5d26d146759e9155ea466e842f5ab2f7d2266dd084c8dab1f", size = 57205, upload-time = "2025-08-11T07:25:47.597Z" },
]

[[package]]
name = "mdurl"
version = "0.1.2"
source = { registry = "https://pypi.org/simple" }
sdist = { url = "https://files.pythonhosted.org/packages/d6/54/cfe61301667036ec958cb99bd3efefba235e65cdeb9c84d24a8293ba1d90/mdurl-0.1.2.tar.gz", hash = "sha256:bb413d29f5eea38f31dd4754dd7377d4465116fb207585f97bf925588687c1ba", size = 8729, upload-time = "2022-08-14T12:40:10.846Z" }
wheels = [
    { url = "https://files.pythonhosted.org/packages/b3/38/89ba8ad64ae25be8de66a6d463314cf1eb366222074cfda9ee839c56a4b4/mdurl-0.1.2-py3-none-any.whl", hash = "sha256:84008a41e51615a49fc9966191ff91509e3c40b939176e643fd50a5c2196b8f8", size = 9979, upload-time = "2022-08-14T12:40:09.779Z" },
]

[[package]]
name = "platformdirs"
version = "4.5.1"
source = { registry = "https://pypi.org/simple" }
sdist = { url = "https://files.pythonhosted.org/packages/cf/86/0248f086a84f01b37aaec0fa567b397df1a119f73c16f6c7a9aac73ea309/platformdirs-4.5.1.tar.gz", hash = "sha256:61d5cdcc6065745cdd94f0f878977f8de9437be93de97c1c12f853c9c0cdcbda", size = 21715, upload-time = "2025-12-05T13:52:58.638Z" }
wheels = [
    { url = "https://files.pythonhosted.org/packages/cb/28/3bfe2fa5a7b9c46fe7e13c97bda14c895fb10fa2ebf1d0abb90e0cea7ee1/platformdirs-4.5.1-py3-none-any.whl", hash = "sha256:d03afa3963c806a9bed9d5125c8f4cb2fdaf74a55ab60e5d59b3fde758104d31", size = 18731, upload-time = "2025-12-05T13:52:56.823Z" },
]

[[package]]
name = "py4j"
version = "0.10.9.7"
source = { registry = "https://pypi.org/simple" }
sdist = { url = "https://files.pythonhosted.org/packages/1e/f2/b34255180c72c36ff7097f7c2cdca02abcbd89f5eebf7c7c41262a9a0637/py4j-0.10.9.7.tar.gz", hash = "sha256:0b6e5315bb3ada5cf62ac651d107bb2ebc02def3dee9d9548e3baac644ea8dbb", size = 1508234, upload-time = "2022-08-12T22:49:09.792Z" }
wheels = [
    { url = "https://files.pythonhosted.org/packages/10/30/a58b32568f1623aaad7db22aa9eafc4c6c194b429ff35bdc55ca2726da47/py4j-0.10.9.7-py2.py3-none-any.whl", hash = "sha256:85defdfd2b2376eb3abf5ca6474b51ab7e0de341c75a02f46dc9b5976f5a5c1b", size = 200481, upload-time = "2022-08-12T22:49:07.05Z" },
]

[[package]]
name = "pyarrow"
version = "22.0.0"
source = { registry = "https://pypi.org/simple" }
sdist = { url = "https://files.pythonhosted.org/packages/30/53/04a7fdc63e6056116c9ddc8b43bc28c12cdd181b85cbeadb79278475f3ae/pyarrow-22.0.0.tar.gz", hash = "sha256:3d600dc583260d845c7d8a6db540339dd883081925da2bd1c5cb808f720b3cd9", size = 1151151, upload-time = "2025-10-24T12:30:00.762Z" }
wheels = [
    { url = "https://files.pythonhosted.org/packages/af/63/ba23862d69652f85b615ca14ad14f3bcfc5bf1b99ef3f0cd04ff93fdad5a/pyarrow-22.0.0-cp312-cp312-macosx_12_0_arm64.whl", hash = "sha256:bea79263d55c24a32b0d79c00a1c58bb2ee5f0757ed95656b01c0fb310c5af3d", size = 34211578, upload-time = "2025-10-24T10:05:21.583Z" },
    { url = "https://files.pythonhosted.org/packages/b1/d0/f9ad86fe809efd2bcc8be32032fa72e8b0d112b01ae56a053006376c5930/pyarrow-22.0.0-cp312-cp312-macosx_12_0_x86_64.whl", hash = "sha256:12fe549c9b10ac98c91cf791d2945e878875d95508e1a5d14091a7aaa66d9cf8", size = 35989906, upload-time = "2025-10-24T10:05:29.485Z" },
    { url = "https://files.pythonhosted.org/packages/b4/a8/f910afcb14630e64d673f15904ec27dd31f1e009b77033c365c84e8c1e1d/pyarrow-22.0.0-cp312-cp312-manylinux_2_28_aarch64.whl", hash = "sha256:334f900ff08ce0423407af97e6c26ad5d4e3b0763645559ece6fbf3747d6a8f5", size = 45021677, upload-time = "2025-10-24T10:05:38.274Z" },
    { url = "https://files.pythonhosted.org/packages/13/95/aec81f781c75cd10554dc17a25849c720d54feafb6f7847690478dcf5ef8/pyarrow-22.0.0-cp312-cp312-manylinux_2_28_x86_64.whl", hash = "sha256:c6c791b09c57ed76a18b03f2631753a4960eefbbca80f846da8baefc6491fcfe", size = 47726315, upload-time = "2025-10-24T10:05:47.314Z" },
    { url = "https://files.pythonhosted.org/packages/bb/d4/74ac9f7a54cfde12ee42734ea25d5a3c9a45db78f9def949307a92720d37/pyarrow-22.0.0-cp312-cp312-musllinux_1_2_aarch64.whl", hash = "sha256:c3200cb41cdbc65156e5f8c908d739b0dfed57e890329413da2748d1a2cd1a4e", size = 47990906, upload-time = "2025-10-24T10:05:58.254Z" },
    { url = "https://files.pythonhosted.org/packages/2e/71/fedf2499bf7a95062eafc989ace56572f3343432570e1c54e6599d5b88da/pyarrow-22.0.0-cp312-cp312-musllinux_1_2_x86_64.whl", hash = "sha256:ac93252226cf288753d8b46280f4edf3433bf9508b6977f8dd8526b521a1bbb9", size = 50306783, upload-time = "2025-10-24T10:06:08.08Z" },
    { url = "https://files.pythonhosted.org/packages/68/ed/b202abd5a5b78f519722f3d29063dda03c114711093c1995a33b8e2e0f4b/pyarrow-22.0.0-cp312-cp312-win_amd64.whl", hash = "sha256:44729980b6c50a5f2bfcc2668d36c569ce17f8b17bccaf470c4313dcbbf13c9d", size = 27972883, upload-time = "2025-10-24T10:06:14.204Z" },
    { url = "https://files.pythonhosted.org/packages/a6/d6/d0fac16a2963002fc22c8fa75180a838737203d558f0ed3b564c4a54eef5/pyarrow-22.0.0-cp313-cp313-macosx_12_0_arm64.whl", hash = "sha256:e6e95176209257803a8b3d0394f21604e796dadb643d2f7ca21b66c9c0b30c9a", size = 34204629, upload-time = "2025-10-24T10:06:20.274Z" },
    { url = "https://files.pythonhosted.org/packages/c6/9c/1d6357347fbae062ad3f17082f9ebc29cc733321e892c0d2085f42a2212b/pyarrow-22.0.0-cp313-cp313-macosx_12_0_x86_64.whl", hash = "sha256:001ea83a58024818826a9e3f89bf9310a114f7e26dfe404a4c32686f97bd7901", size = 35985783, upload-time = "2025-10-24T10:06:27.301Z" },
    { url = "https://files.pythonhosted.org/packages/ff/c0/782344c2ce58afbea010150df07e3a2f5fdad299cd631697ae7bd3bac6e3/pyarrow-22.0.0-cp313-cp313-manylinux_2_28_aarch64.whl", hash = "sha256:ce20fe000754f477c8a9125543f1936ea5b8867c5406757c224d745ed033e691", size = 45020999, upload-time = "2025-10-24T10:06:35.387Z" },
    { url = "https://files.pythonhosted.org/packages/1b/8b/5362443737a5307a7b67c1017c42cd104213189b4970bf607e05faf9c525/pyarrow-22.0.0-cp313-cp313-manylinux_2_28_x86_64.whl", hash = "sha256:e0a15757fccb38c410947df156f9749ae4a3c89b2393741a50521f39a8cf202a", size = 47724601, upload-time = "2025-10-24T10:06:43.551Z" },
    { url = "https://files.pythonhosted.org/packages/69/4d/76e567a4fc2e190ee6072967cb4672b7d9249ac59ae65af2d7e3047afa3b/pyarrow-22.0.0-cp313-cp313-musllinux_1_2_aarch64.whl", hash = "sha256:cedb9dd9358e4ea1d9bce3665ce0797f6adf97ff142c8e25b46ba9cdd508e9b6", size = 48001050, upload-time = "2025-10-24T10:06:52.284Z" },
    { url = "https://files.pythonhosted.org/packages/01/5e/5653f0535d2a1aef8223cee9d92944cb6bccfee5cf1cd3f462d7cb022790/pyarrow-22.0.0-cp313-cp313-musllinux_1_2_x86_64.whl", hash = "sha256:252be4a05f9d9185bb8c18e83764ebcfea7185076c07a7a662253af3a8c07941", size = 50307877, upload-time = "2025-10-24T10:07:02.405Z" },
    { url = "https://files.pythonhosted.org/packages/2d/f8/1d0bd75bf9328a3b826e24a16e5517cd7f9fbf8d34a3184a4566ef5a7f29/pyarrow-22.0.0-cp313-cp313-win_amd64.whl", hash = "sha256:a4893d31e5ef780b6edcaf63122df0f8d321088bb0dee4c8c06eccb1ca28d145", size = 27977099, upload-time = "2025-10-24T10:08:07.259Z" },
    { url = "https://files.pythonhosted.org/packages/90/81/db56870c997805bf2b0f6eeeb2d68458bf4654652dccdcf1bf7a42d80903/pyarrow-22.0.0-cp313-cp313t-macosx_12_0_arm64.whl", hash = "sha256:f7fe3dbe871294ba70d789be16b6e7e52b418311e166e0e3cba9522f0f437fb1", size = 34336685, upload-time = "2025-10-24T10:07:11.47Z" },
    { url = "https://files.pythonhosted.org/packages/1c/98/0727947f199aba8a120f47dfc229eeb05df15bcd7a6f1b669e9f882afc58/pyarrow-22.0.0-cp313-cp313t-macosx_12_0_x86_64.whl", hash = "sha256:ba95112d15fd4f1105fb2402c4eab9068f0554435e9b7085924bcfaac2cc306f", size = 36032158, upload-time = "2025-10-24T10:07:18.626Z" },
    { url = "https://files.pythonhosted.org/packages/96/b4/9babdef9c01720a0785945c7cf550e4acd0ebcd7bdd2e6f0aa7981fa85e2/pyarrow-22.0.0-cp313-cp313t-manylinux_2_28_aarch64.whl", hash = "sha256:c064e28361c05d72eed8e744c9605cbd6d2bb7481a511c74071fd9b24bc65d7d", size = 44892060, upload-time = "2025-10-24T10:07:26.002Z" },
    { url = "https://files.pythonhosted.org/packages/f8/ca/2f8804edd6279f78a37062d813de3f16f29183874447ef6d1aadbb4efa0f/pyarrow-22.0.0-cp313-cp313t-manylinux_2_28_x86_64.whl", hash = "sha256:6f9762274496c244d951c819348afbcf212714902742225f649cf02823a6a10f", size = 47504395, upload-time = "2025-10-24T10:07:34.09Z" },
    { url = "https://files.pythonhosted.org/packages/b9/f0/77aa5198fd3943682b2e4faaf179a674f0edea0d55d326d83cb2277d9363/pyarrow-22.0.0-cp313-cp313t-musllinux_1_2_aarch64.whl", hash = "sha256:a9d9ffdc2ab696f6b15b4d1f7cec6658e1d788124418cb30030afbae31c64746", size = 48066216, upload-time = "2025-10-24T10:07:43.528Z" },
    { url = "https://files.pythonhosted.org/packages/79/87/a1937b6e78b2aff18b706d738c9e46ade5bfcf11b294e39c87706a0089ac/pyarrow-22.0.0-cp313-cp313t-musllinux_1_2_x86_64.whl", hash = "sha256:ec1a15968a9d80da01e1d30349b2b0d7cc91e96588ee324ce1b5228175043e95", size = 50288552, upload-time = "2025-10-24T10:07:53.519Z" },
    { url = "https://files.pythonhosted.org/packages/60/ae/b5a5811e11f25788ccfdaa8f26b6791c9807119dffcf80514505527c384c/pyarrow-22.0.0-cp313-cp313t-win_amd64.whl", hash = "sha256:bba208d9c7decf9961998edf5c65e3ea4355d5818dd6cd0f6809bec1afb951cc", size = 28262504, upload-time = "2025-10-24T10:08:00.932Z" },
    { url = "https://files.pythonhosted.org/packages/bd/b0/0fa4d28a8edb42b0a7144edd20befd04173ac79819547216f8a9f36f9e50/pyarrow-22.0.0-cp314-cp314-macosx_12_0_arm64.whl", hash = "sha256:9bddc2cade6561f6820d4cd73f99a0243532ad506bc510a75a5a65a522b2d74d", size = 34224062, upload-time = "2025-10-24T10:08:14.101Z" },
    { url = "https://files.pythonhosted.org/packages/0f/a8/7a719076b3c1be0acef56a07220c586f25cd24de0e3f3102b438d18ae5df/pyarrow-22.0.0-cp314-cp314-macosx_12_0_x86_64.whl", hash = "sha256:e70ff90c64419709d38c8932ea9fe1cc98415c4f87ea8da81719e43f02534bc9", size = 35990057, upload-time = "2025-10-24T10:08:21.842Z" },
    { url = "https://files.pythonhosted.org/packages/89/3c/359ed54c93b47fb6fe30ed16cdf50e3f0e8b9ccfb11b86218c3619ae50a8/pyarrow-22.0.0-cp314-cp314-manylinux_2_28_aarch64.whl", hash = "sha256:92843c305330aa94a36e706c16209cd4df274693e777ca47112617db7d0ef3d7", size = 45068002, upload-time = "2025-10-24T10:08:29.034Z" },
    { url = "https://files.pythonhosted.org/packages/55/fc/4945896cc8638536ee787a3bd6ce7cec8ec9acf452d78ec39ab328efa0a1/pyarrow-22.0.0-cp314-cp314-manylinux_2_28_x86_64.whl", hash = "sha256:6dda1ddac033d27421c20d7a7943eec60be44e0db4e079f33cc5af3b8280ccde", size = 47737765, upload-time = "2025-10-24T10:08:38.559Z" },
    { url = "https://files.pythonhosted.org/packages/cd/5e/7cb7edeb2abfaa1f79b5d5eb89432356155c8426f75d3753cbcb9592c0fd/pyarrow-22.0.0-cp314-cp314-musllinux_1_2_aarch64.whl", hash = "sha256:84378110dd9a6c06323b41b56e129c504d157d1a983ce8f5443761eb5256bafc", size = 48048139, upload-time = "2025-10-24T10:08:46.784Z" },
    { url = "https://files.pythonhosted.org/packages/88/c6/546baa7c48185f5e9d6e59277c4b19f30f48c94d9dd938c2a80d4d6b067c/pyarrow-22.0.0-cp314-cp314-musllinux_1_2_x86_64.whl", hash = "sha256:854794239111d2b88b40b6ef92aa478024d1e5074f364033e73e21e3f76b25e0", size = 50314244, upload-time = "2025-10-24T10:08:55.771Z" },
    { url = "https://files.pythonhosted.org/packages/3c/79/755ff2d145aafec8d347bf18f95e4e81c00127f06d080135dfc86aea417c/pyarrow-22.0.0-cp314-cp314-win_amd64.whl", hash = "sha256:b883fe6fd85adad7932b3271c38ac289c65b7337c2c132e9569f9d3940620730", size = 28757501, upload-time = "2025-10-24T10:09:59.891Z" },
    { url = "https://files.pythonhosted.org/packages/0e/d2/237d75ac28ced3147912954e3c1a174df43a95f4f88e467809118a8165e0/pyarrow-22.0.0-cp314-cp314t-macosx_12_0_arm64.whl", hash = "sha256:7a820d8ae11facf32585507c11f04e3f38343c1e784c9b5a8b1da5c930547fe2", size = 34355506, upload-time = "2025-10-24T10:09:02.953Z" },
    { url = "https://files.pythonhosted.org/packages/1e/2c/733dfffe6d3069740f98e57ff81007809067d68626c5faef293434d11bd6/pyarrow-22.0.0-cp314-cp314t-macosx_12_0_x86_64.whl", hash = "sha256:c6ec3675d98915bf1ec8b3c7986422682f7232ea76cad276f4c8abd5b7319b70", size = 36047312, upload-time = "2025-10-24T10:09:10.334Z" },
    { url = "https://files.pythonhosted.org/packages/7c/2b/29d6e3782dc1f299727462c1543af357a0f2c1d3c160ce199950d9ca51eb/pyarrow-22.0.0-cp314-cp314t-manylinux_2_28_aarch64.whl", hash = "sha256:3e739edd001b04f654b166204fc7a9de896cf6007eaff33409ee9e50ceaff754", size = 45081609, upload-time = "2025-10-24T10:09:18.61Z" },
    { url = "https://files.pythonhosted.org/packages/8d/42/aa9355ecc05997915af1b7b947a7f66c02dcaa927f3203b87871c114ba10/pyarrow-22.0.0-cp314-cp314t-manylinux_2_28_x86_64.whl", hash = "sha256:7388ac685cab5b279a41dfe0a6ccd99e4dbf322edfb63e02fc0443bf24134e91", size = 47703663, upload-time = "2025-10-24T10:09:27.369Z" },
    { url = "https://files.pythonhosted.org/packages/ee/62/45abedde480168e83a1de005b7b7043fd553321c1e8c5a9a114425f64842/pyarrow-22.0.0-cp314-cp314t-musllinux_1_2_aarch64.whl", hash = "sha256:f633074f36dbc33d5c05b5dc75371e5660f1dbf9c8b1d95669def05e5425989c", size = 48066543, upload-time = "2025-10-24T10:09:34.908Z" },
    { url = "https://files.pythonhosted.org/packages/84/e9/7878940a5b072e4f3bf998770acafeae13b267f9893af5f6d4ab3904b67e/pyarrow-22.0.0-cp314-cp314t-musllinux_1_2_x86_64.whl", hash = "sha256:4c19236ae2402a8663a2c8f21f1870a03cc57f0bef7e4b6eb3238cc82944de80", size = 50288838, upload-time = "2025-10-24T10:09:44.394Z" },
    { url = "https://files.pythonhosted.org/packages/7b/03/f335d6c52b4a4761bcc83499789a1e2e16d9d201a58c327a9b5cc9a41bd9/pyarrow-22.0.0-cp314-cp314t-win_amd64.whl", hash = "sha256:0c34fe18094686194f204a3b1787a27456897d8a2d62caf84b61e8dfbc0252ae", size = 29185594, upload-time = "2025-10-24T10:09:53.111Z" },
]

[[package]]
name = "pygments"
version = "2.19.2"
source = { registry = "https://pypi.org/simple" }
sdist = { url = "https://files.pythonhosted.org/packages/b0/77/a5b8c569bf593b0140bde72ea885a803b82086995367bf2037de0159d924/pygments-2.19.2.tar.gz", hash = "sha256:636cb2477cec7f8952536970bc533bc43743542f70392ae026374600add5b887", size = 4968631, upload-time = "2025-06-21T13:39:12.283Z" }
wheels = [
    { url = "https://files.pythonhosted.org/packages/c7/21/705964c7812476f378728bdf590ca4b771ec72385c533964653c68e86bdc/pygments-2.19.2-py3-none-any.whl", hash = "sha256:86540386c03d588bb81d44bc3928634ff26449851e99741617ecb9037ee5ec0b", size = 1225217, upload-time = "2025-06-21T13:39:07.939Z" },
]

[[package]]
name = "pyspark"
version = "3.5.2"
source = { registry = "https://pypi.org/simple" }
dependencies = [
    { name = "py4j" },
]
sdist = { url = "https://files.pythonhosted.org/packages/31/12/461c29d25f91c246842fb09e9cfb21ab82a9ab8ea8dd35667cc8b708f715/pyspark-3.5.2.tar.gz", hash = "sha256:bbb36eba09fa24e86e0923d7e7a986041b90c714e11c6aa976f9791fe9edde5e", size = 317276210, upload-time = "2024-08-12T14:57:56.062Z" }

[[package]]
name = "rich"
version = "14.2.0"
source = { registry = "https://pypi.org/simple" }
dependencies = [
    { name = "markdown-it-py" },
    { name = "pygments" },
]
sdist = { url = "https://files.pythonhosted.org/packages/fb/d2/8920e102050a0de7bfabeb4c4614a49248cf8d5d7a8d01885fbb24dc767a/rich-14.2.0.tar.gz", hash = "sha256:73ff50c7c0c1c77c8243079283f4edb376f0f6442433aecb8ce7e6d0b92d1fe4", size = 219990, upload-time = "2025-10-09T14:16:53.064Z" }
wheels = [
    { url = "https://files.pythonhosted.org/packages/25/7a/b0178788f8dc6cafce37a212c99565fa1fe7872c70c6c9c1e1a372d9d88f/rich-14.2.0-py3-none-any.whl", hash = "sha256:76bc51fe2e57d2b1be1f96c524b890b816e334ab4c1e45888799bfaab0021edd", size = 243393, upload-time = "2025-10-09T14:16:51.245Z" },
]

[[package]]
name = "textual"
version = "7.3.0"
source = { registry = "https://pypi.org/simple" }
dependencies = [
    { name = "markdown-it-py", extra = ["linkify"] },
    { name = "mdit-py-plugins" },
    { name = "platformdirs" },
    { name = "pygments" },
    { name = "rich" },
    { name = "typing-extensions" },
]
sdist = { url = "https://files.pythonhosted.org/packages/6f/ee/620c887bfad9d6eba062dfa3b6b0e735e0259102e2667b19f21625ef598d/textual-7.3.0.tar.gz", hash = "sha256:3169e8ba5518a979b0771e60be380ab1a6c344f30a2126e360e6f38d009a3de4", size = 1590692, upload-time = "2026-01-15T16:32:02.342Z" }
wheels = [
    { url = "https://files.pythonhosted.org/packages/c3/1f/abeb4e5cb36b99dd37db72beb2a74d58598ccb35aaadf14624ee967d4a6b/textual-7.3.0-py3-none-any.whl", hash = "sha256:db235cecf969c87fe5a9c04d83595f506affc9db81f3a53ab849534d726d330a", size = 716374, upload-time = "2026-01-15T16:31:58.233Z" },
]

[[package]]
name = "typing-extensions"
version = "4.15.0"
source = { registry = "https://pypi.org/simple" }
sdist = { url = "https://files.pythonhosted.org/packages/72/94/1a15dd82efb362ac84269196e94cf00f187f7ed21c242792a923cdb1c61f/typing_extensions-4.15.0.tar.gz", hash = "sha256:0cea48d173cc12fa28ecabc3b837ea3cf6f38c6d1136f85cbaaf598984861466", size = 109391, upload-time = "2025-08-25T13:49:26.313Z" }
wheels = [
    { url = "https://files.pythonhosted.org/packages/18/67/36e9267722cc04a6b9f15c7f3441c2363321a3ea07da7ae0c0707beb2a9c/typing_extensions-4.15.0-py3-none-any.whl", hash = "sha256:f0fa19c6845758ab08074a0cfa8b7aecb71c999ca73d62883bc25cc018c4e548", size = 44614, upload-time = "2025-08-25T13:49:24.86Z" },
]

[[package]]
name = "tzdata"
version = "2025.3"
source = { registry = "https://pypi.org/simple" }
sdist = { url = "https://files.pythonhosted.org/packages/5e/a7/c202b344c5ca7daf398f3b8a477eeb205cf3b6f32e7ec3a6bac0629ca975/tzdata-2025.3.tar.gz", hash = "sha256:de39c2ca5dc7b0344f2eba86f49d614019d29f060fc4ebc8a417896a620b56a7", size = 196772, upload-time = "2025-12-13T17:45:35.667Z" }
wheels = [
    { url = "https://files.pythonhosted.org/packages/c7/b0/003792df09decd6849a5e39c28b513c06e84436a54440380862b5aeff25d/tzdata-2025.3-py2.py3-none-any.whl", hash = "sha256:06a47e5700f3081aab02b2e513160914ff0694bce9947d6b76ebd6bf57cfc5d1", size = 348521, upload-time = "2025-12-13T17:45:33.889Z" },
]

[[package]]
name = "uc-micro-py"
version = "1.0.3"
source = { registry = "https://pypi.org/simple" }
sdist = { url = "https://files.pythonhosted.org/packages/91/7a/146a99696aee0609e3712f2b44c6274566bc368dfe8375191278045186b8/uc-micro-py-1.0.3.tar.gz", hash = "sha256:d321b92cff673ec58027c04015fcaa8bb1e005478643ff4a500882eaab88c48a", size = 6043, upload-time = "2024-02-09T16:52:01.654Z" }
wheels = [
    { url = "https://files.pythonhosted.org/packages/37/87/1f677586e8ac487e29672e4b17455758fce261de06a0d086167bb760361a/uc_micro_py-1.0.3-py3-none-any.whl", hash = "sha256:db1dffff340817673d7b466ec86114a9dc0e9d4d9b5ba229d9d60e5c12600cd5", size = 6229, upload-time = "2024-02-09T16:52:00.371Z" },
]

[[package]]
name = "zipp"
version = "3.23.0"
source = { registry = "https://pypi.org/simple" }
sdist = { url = "https://files.pythonhosted.org/packages/e3/02/0f2892c661036d50ede074e376733dca2ae7c6eb617489437771209d4180/zipp-3.23.0.tar.gz", hash = "sha256:a07157588a12518c9d4034df3fbbee09c814741a33ff63c05fa29d26a2404166", size = 25547, upload-time = "2025-06-08T17:06:39.4Z" }
wheels = [
    { url = "https://files.pythonhosted.org/packages/2e/54/647ade08bf0db230bfea292f893923872fd20be6ac6f53b2b936ba839d75/zipp-3.23.0-py3-none-any.whl", hash = "sha256:071652d6115ed432f5ce1d34c336c0adfd6a884660d1e9712a256d3d3bd4b14e", size = 10276, upload-time = "2025-06-08T17:06:38.034Z" },
]
